
Microsoft Visual Studio Solution File, Format Version 12.00
Project("{FAE04EC0-301F-11D3-BF4B-00C04F79EFBC}") = "NpgsqlRangeError", "NpgsqlRangeError\NpgsqlRangeError.csproj", "{E6E42BCE-CAC1-470B-9669-E7C75D1408E9}"
EndProject
Project("{FAE04EC0-301F-11D3-BF4B-00C04F79EFBC}") = "IPAddressError", "IPAddressError\IPAddressError.csproj", "{568A437E-9694-4770-A5BD-DFC7AC14D328}"
EndProject
Global
	GlobalSection(SolutionConfigurationPlatforms) = preSolution
		Debug|Any CPU = Debug|Any CPU
		Release|Any CPU = Release|Any CPU
	EndGlobalSection
	GlobalSection(ProjectConfigurationPlatforms) = postSolution
		{E6E42BCE-CAC1-470B-9669-E7C75D1408E9}.Debug|Any CPU.ActiveCfg = Debug|Any CPU
		{E6E42BCE-CAC1-470B-9669-E7C75D1408E9}.Debug|Any CPU.Build.0 = Debug|Any CPU
		{E6E42BCE-CAC1-470B-9669-E7C75D1408E9}.Release|Any CPU.ActiveCfg = Release|Any CPU
		{E6E42BCE-CAC1-470B-9669-E7C75D1408E9}.Release|Any CPU.Build.0 = Release|Any CPU
		{568A437E-9694-4770-A5BD-DFC7AC14D328}.Debug|Any CPU.ActiveCfg = Debug|Any CPU
		{568A437E-9694-4770-A5BD-DFC7AC14D328}.Debug|Any CPU.Build.0 = Debug|Any CPU
		{568A437E-9694-4770-A5BD-DFC7AC14D328}.Release|Any CPU.ActiveCfg = Release|Any CPU
		{568A437E-9694-4770-A5BD-DFC7AC14D328}.Release|Any CPU.Build.0 = Release|Any CPU
	EndGlobalSection
EndGlobal
